// !$*UTF8*$!
{
	archiveVersion = 1;
	classes = {
	};
	objectVersion = 55;
	objects = {

/* Begin PBXBuildFile section */
		9D31806E279710F100EDAAA1 /* AlarmTableViewCell.swift in Sources */ = {isa = PBXBuildFile; fileRef = 9D31806D279710F100EDAAA1 /* AlarmTableViewCell.swift */; };
		9D3180702797110600EDAAA1 /* AlarmViewController.swift in Sources */ = {isa = PBXBuildFile; fileRef = 9D31806F2797110600EDAAA1 /* AlarmViewController.swift */; };
		9D3180732797121F00EDAAA1 /* BedTimeTableViewCell.swift in Sources */ = {isa = PBXBuildFile; fileRef = 9D3180722797121F00EDAAA1 /* BedTimeTableViewCell.swift */; };
		9D3180752798684D00EDAAA1 /* Alarm.swift in Sources */ = {isa = PBXBuildFile; fileRef = 9D3180742798684D00EDAAA1 /* Alarm.swift */; };
		9D3180772798D9C000EDAAA1 /* EditAlarmTableViewCell.swift in Sources */ = {isa = PBXBuildFile; fileRef = 9D3180762798D9C000EDAAA1 /* EditAlarmTableViewCell.swift */; };
		9D3180792798E0EF00EDAAA1 /* EditAlarmTableViewController.swift in Sources */ = {isa = PBXBuildFile; fileRef = 9D3180782798E0EF00EDAAA1 /* EditAlarmTableViewController.swift */; };
		9D31807B2799A30100EDAAA1 /* RepeatTableViewController.swift in Sources */ = {isa = PBXBuildFile; fileRef = 9D31807A2799A30100EDAAA1 /* RepeatTableViewController.swift */; };
		9D31807D2799A32800EDAAA1 /* RepeatTableViewCell.swift in Sources */ = {isa = PBXBuildFile; fileRef = 9D31807C2799A32800EDAAA1 /* RepeatTableViewCell.swift */; };
		9D7D6814278F2259007DD747 /* AppDelegate.swift in Sources */ = {isa = PBXBuildFile; fileRef = 9D7D6813278F2259007DD747 /* AppDelegate.swift */; };
		9D7D6816278F2259007DD747 /* SceneDelegate.swift in Sources */ = {isa = PBXBuildFile; fileRef = 9D7D6815278F2259007DD747 /* SceneDelegate.swift */; };
		9D7D681B278F2259007DD747 /* Main.storyboard in Resources */ = {isa = PBXBuildFile; fileRef = 9D7D6819278F2259007DD747 /* Main.storyboard */; };
		9D7D681D278F225B007DD747 /* Assets.xcassets in Resources */ = {isa = PBXBuildFile; fileRef = 9D7D681C278F225B007DD747 /* Assets.xcassets */; };
		9D7D6820278F225B007DD747 /* LaunchScreen.storyboard in Resources */ = {isa = PBXBuildFile; fileRef = 9D7D681E278F225B007DD747 /* LaunchScreen.storyboard */; };
		9D7D682B27906304007DD747 /* WorldClockTableViewCell.swift in Sources */ = {isa = PBXBuildFile; fileRef = 9D7D682A27906304007DD747 /* WorldClockTableViewCell.swift */; };
		9D7D682D279063C0007DD747 /* WorldClockViewController.swift in Sources */ = {isa = PBXBuildFile; fileRef = 9D7D682C279063C0007DD747 /* WorldClockViewController.swift */; };
		9D7D682F27906506007DD747 /* WorldClock.swift in Sources */ = {isa = PBXBuildFile; fileRef = 9D7D682E27906506007DD747 /* WorldClock.swift */; };
		9D7D683427906E99007DD747 /* CityViewController.swift in Sources */ = {isa = PBXBuildFile; fileRef = 9D7D683327906E99007DD747 /* CityViewController.swift */; };
		9D7D683627907539007DD747 /* CityTableViewCell.swift in Sources */ = {isa = PBXBuildFile; fileRef = 9D7D683527907539007DD747 /* CityTableViewCell.swift */; };
		9DD9E1B3279EE2FB009523DC /* LabelViewController.swift in Sources */ = {isa = PBXBuildFile; fileRef = 9DD9E1B2279EE2FB009523DC /* LabelViewController.swift */; };
		9DD9E1C027A03E7D009523DC /* Marimba.mp3 in Resources */ = {isa = PBXBuildFile; fileRef = 9DD9E1BC27A03D7A009523DC /* Marimba.mp3 */; };
		9DD9E1C127A03E80009523DC /* Radar.mp3 in Resources */ = {isa = PBXBuildFile; fileRef = 9DD9E1BA27A03D7A009523DC /* Radar.mp3 */; };
		9DD9E1C227A03E80009523DC /* XyloPhone.mp3 in Resources */ = {isa = PBXBuildFile; fileRef = 9DD9E1BB27A03D7A009523DC /* XyloPhone.mp3 */; };
		9DD9E1C327A03E80009523DC /* Opening.mp3 in Resources */ = {isa = PBXBuildFile; fileRef = 9DD9E1B927A03D7A009523DC /* Opening.mp3 */; };
		9DD9E1C427A03E80009523DC /* Waves.mp3 in Resources */ = {isa = PBXBuildFile; fileRef = 9DD9E1BD27A03D7A009523DC /* Waves.mp3 */; };
		9DD9E1C627A046AD009523DC /* SoundTableViewController.swift in Sources */ = {isa = PBXBuildFile; fileRef = 9DD9E1C527A046AD009523DC /* SoundTableViewController.swift */; };
		9DD9E1C827A046BB009523DC /* SoundTableViewCell.swift in Sources */ = {isa = PBXBuildFile; fileRef = 9DD9E1C727A046BB009523DC /* SoundTableViewCell.swift */; };
/* End PBXBuildFile section */

/* Begin PBXFileReference section */
		9D31806D279710F100EDAAA1 /* AlarmTableViewCell.swift */ = {isa = PBXFileReference; lastKnownFileType = sourcecode.swift; path = AlarmTableViewCell.swift; sourceTree = "<group>"; };
		9D31806F2797110600EDAAA1 /* AlarmViewController.swift */ = {isa = PBXFileReference; lastKnownFileType = sourcecode.swift; path = AlarmViewController.swift; sourceTree = "<group>"; };
		9D3180722797121F00EDAAA1 /* BedTimeTableViewCell.swift */ = {isa = PBXFileReference; lastKnownFileType = sourcecode.swift; path = BedTimeTableViewCell.swift; sourceTree = "<group>"; };
		9D3180742798684D00EDAAA1 /* Alarm.swift */ = {isa = PBXFileReference; lastKnownFileType = sourcecode.swift; path = Alarm.swift; sourceTree = "<group>"; };
		9D3180762798D9C000EDAAA1 /* EditAlarmTableViewCell.swift */ = {isa = PBXFileReference; lastKnownFileType = sourcecode.swift; path = EditAlarmTableViewCell.swift; sourceTree = "<group>"; };
		9D3180782798E0EF00EDAAA1 /* EditAlarmTableViewController.swift */ = {isa = PBXFileReference; lastKnownFileType = sourcecode.swift; path = EditAlarmTableViewController.swift; sourceTree = "<group>"; };
		9D31807A2799A30100EDAAA1 /* RepeatTableViewController.swift */ = {isa = PBXFileReference; lastKnownFileType = sourcecode.swift; path = RepeatTableViewController.swift; sourceTree = "<group>"; };
		9D31807C2799A32800EDAAA1 /* RepeatTableViewCell.swift */ = {isa = PBXFileReference; lastKnownFileType = sourcecode.swift; path = RepeatTableViewCell.swift; sourceTree = "<group>"; };
		9D7D6810278F2259007DD747 /* iOSClock.app */ = {isa = PBXFileReference; explicitFileType = wrapper.application; includeInIndex = 0; path = iOSClock.app; sourceTree = BUILT_PRODUCTS_DIR; };
		9D7D6813278F2259007DD747 /* AppDelegate.swift */ = {isa = PBXFileReference; lastKnownFileType = sourcecode.swift; path = AppDelegate.swift; sourceTree = "<group>"; };
		9D7D6815278F2259007DD747 /* SceneDelegate.swift */ = {isa = PBXFileReference; lastKnownFileType = sourcecode.swift; path = SceneDelegate.swift; sourceTree = "<group>"; };
		9D7D681A278F2259007DD747 /* Base */ = {isa = PBXFileReference; lastKnownFileType = file.storyboard; name = Base; path = Base.lproj/Main.storyboard; sourceTree = "<group>"; };
		9D7D681C278F225B007DD747 /* Assets.xcassets */ = {isa = PBXFileReference; lastKnownFileType = folder.assetcatalog; path = Assets.xcassets; sourceTree = "<group>"; };
		9D7D681F278F225B007DD747 /* Base */ = {isa = PBXFileReference; lastKnownFileType = file.storyboard; name = Base; path = Base.lproj/LaunchScreen.storyboard; sourceTree = "<group>"; };
		9D7D6821278F225B007DD747 /* Info.plist */ = {isa = PBXFileReference; lastKnownFileType = text.plist.xml; path = Info.plist; sourceTree = "<group>"; };
		9D7D682A27906304007DD747 /* WorldClockTableViewCell.swift */ = {isa = PBXFileReference; lastKnownFileType = sourcecode.swift; path = WorldClockTableViewCell.swift; sourceTree = "<group>"; };
		9D7D682C279063C0007DD747 /* WorldClockViewController.swift */ = {isa = PBXFileReference; lastKnownFileType = sourcecode.swift; path = WorldClockViewController.swift; sourceTree = "<group>"; };
		9D7D682E27906506007DD747 /* WorldClock.swift */ = {isa = PBXFileReference; lastKnownFileType = sourcecode.swift; name = WorldClock.swift; path = iOSClock/Model/WorldClock.swift; sourceTree = SOURCE_ROOT; };
		9D7D683327906E99007DD747 /* CityViewController.swift */ = {isa = PBXFileReference; lastKnownFileType = sourcecode.swift; path = CityViewController.swift; sourceTree = "<group>"; };
		9D7D683527907539007DD747 /* CityTableViewCell.swift */ = {isa = PBXFileReference; lastKnownFileType = sourcecode.swift; path = CityTableViewCell.swift; sourceTree = "<group>"; };
		9DD9E1B2279EE2FB009523DC /* LabelViewController.swift */ = {isa = PBXFileReference; lastKnownFileType = sourcecode.swift; path = LabelViewController.swift; sourceTree = "<group>"; };
		9DD9E1B927A03D7A009523DC /* Opening.mp3 */ = {isa = PBXFileReference; lastKnownFileType = audio.mp3; path = Opening.mp3; sourceTree = "<group>"; };
		9DD9E1BA27A03D7A009523DC /* Radar.mp3 */ = {isa = PBXFileReference; lastKnownFileType = audio.mp3; path = Radar.mp3; sourceTree = "<group>"; };
		9DD9E1BB27A03D7A009523DC /* XyloPhone.mp3 */ = {isa = PBXFileReference; lastKnownFileType = audio.mp3; path = XyloPhone.mp3; sourceTree = "<group>"; };
		9DD9E1BC27A03D7A009523DC /* Marimba.mp3 */ = {isa = PBXFileReference; lastKnownFileType = audio.mp3; path = Marimba.mp3; sourceTree = "<group>"; };
		9DD9E1BD27A03D7A009523DC /* Waves.mp3 */ = {isa = PBXFileReference; lastKnownFileType = audio.mp3; path = Waves.mp3; sourceTree = "<group>"; };
		9DD9E1C527A046AD009523DC /* SoundTableViewController.swift */ = {isa = PBXFileReference; lastKnownFileType = sourcecode.swift; path = SoundTableViewController.swift; sourceTree = "<group>"; };
		9DD9E1C727A046BB009523DC /* SoundTableViewCell.swift */ = {isa = PBXFileReference; lastKnownFileType = sourcecode.swift; path = SoundTableViewCell.swift; sourceTree = "<group>"; };
/* End PBXFileReference section */

/* Begin PBXFrameworksBuildPhase section */
		9D7D680D278F2259007DD747 /* Frameworks */ = {
			isa = PBXFrameworksBuildPhase;
			buildActionMask = 2147483647;
			files = (
			);
			runOnlyForDeploymentPostprocessing = 0;
		};
/* End PBXFrameworksBuildPhase section */

/* Begin PBXGroup section */
		9D3180712797110D00EDAAA1 /* AlarmController */ = {
			isa = PBXGroup;
			children = (
				9D31806F2797110600EDAAA1 /* AlarmViewController.swift */,
				9D31806D279710F100EDAAA1 /* AlarmTableViewCell.swift */,
				9D3180722797121F00EDAAA1 /* BedTimeTableViewCell.swift */,
				9D3180782798E0EF00EDAAA1 /* EditAlarmTableViewController.swift */,
				9D3180762798D9C000EDAAA1 /* EditAlarmTableViewCell.swift */,
				9D31807A2799A30100EDAAA1 /* RepeatTableViewController.swift */,
				9D31807C2799A32800EDAAA1 /* RepeatTableViewCell.swift */,
				9DD9E1B2279EE2FB009523DC /* LabelViewController.swift */,
				9DD9E1C527A046AD009523DC /* SoundTableViewController.swift */,
				9DD9E1C727A046BB009523DC /* SoundTableViewCell.swift */,
			);
			path = AlarmController;
			sourceTree = "<group>";
		};
		9D7D6807278F2259007DD747 = {
			isa = PBXGroup;
			children = (
				9D7D6812278F2259007DD747 /* iOSClock */,
				9D7D6811278F2259007DD747 /* Products */,
			);
			sourceTree = "<group>";
		};
		9D7D6811278F2259007DD747 /* Products */ = {
			isa = PBXGroup;
			children = (
				9D7D6810278F2259007DD747 /* iOSClock.app */,
			);
			name = Products;
			sourceTree = "<group>";
		};
		9D7D6812278F2259007DD747 /* iOSClock */ = {
			isa = PBXGroup;
			children = (
				9D7D6813278F2259007DD747 /* AppDelegate.swift */,
				9D7D6815278F2259007DD747 /* SceneDelegate.swift */,
				9DD9E1BC27A03D7A009523DC /* Marimba.mp3 */,
				9DD9E1B927A03D7A009523DC /* Opening.mp3 */,
				9DD9E1BA27A03D7A009523DC /* Radar.mp3 */,
				9DD9E1BD27A03D7A009523DC /* Waves.mp3 */,
				9DD9E1BB27A03D7A009523DC /* XyloPhone.mp3 */,
				9D7D6819278F2259007DD747 /* Main.storyboard */,
				9D7D68302790650A007DD747 /* Model */,
				9D7D682927905C25007DD747 /* WorldClockController */,
				9D3180712797110D00EDAAA1 /* AlarmController */,
				9D7D681C278F225B007DD747 /* Assets.xcassets */,
				9D7D681E278F225B007DD747 /* LaunchScreen.storyboard */,
				9D7D6821278F225B007DD747 /* Info.plist */,
			);
			path = iOSClock;
			sourceTree = "<group>";
		};
		9D7D682927905C25007DD747 /* WorldClockController */ = {
			isa = PBXGroup;
			children = (
				9D7D682C279063C0007DD747 /* WorldClockViewController.swift */,
				9D7D682A27906304007DD747 /* WorldClockTableViewCell.swift */,
				9D7D683327906E99007DD747 /* CityViewController.swift */,
				9D7D683527907539007DD747 /* CityTableViewCell.swift */,
			);
			path = WorldClockController;
			sourceTree = "<group>";
		};
		9D7D68302790650A007DD747 /* Model */ = {
			isa = PBXGroup;
			children = (
				9D7D682E27906506007DD747 /* WorldClock.swift */,
				9D3180742798684D00EDAAA1 /* Alarm.swift */,
			);
			path = Model;
			sourceTree = "<group>";
		};
/* End PBXGroup section */

/* Begin PBXNativeTarget section */
		9D7D680F278F2259007DD747 /* iOSClock */ = {
			isa = PBXNativeTarget;
			buildConfigurationList = 9D7D6824278F225B007DD747 /* Build configuration list for PBXNativeTarget "iOSClock" */;
			buildPhases = (
				9D7D680C278F2259007DD747 /* Sources */,
				9D7D680D278F2259007DD747 /* Frameworks */,
				9D7D680E278F2259007DD747 /* Resources */,
			);
			buildRules = (
			);
			dependencies = (
			);
			name = iOSClock;
			productName = iOSClock;
			productReference = 9D7D6810278F2259007DD747 /* iOSClock.app */;
			productType = "com.apple.product-type.application";
		};
/* End PBXNativeTarget section */

/* Begin PBXProject section */
		9D7D6808278F2259007DD747 /* Project object */ = {
			isa = PBXProject;
			attributes = {
				BuildIndependentTargetsInParallel = 1;
				LastSwiftUpdateCheck = 1320;
				LastUpgradeCheck = 1320;
				TargetAttributes = {
					9D7D680F278F2259007DD747 = {
						CreatedOnToolsVersion = 13.2;
					};
				};
			};
			buildConfigurationList = 9D7D680B278F2259007DD747 /* Build configuration list for PBXProject "iOSClock" */;
			compatibilityVersion = "Xcode 13.0";
			developmentRegion = en;
			hasScannedForEncodings = 0;
			knownRegions = (
				en,
				Base,
			);
			mainGroup = 9D7D6807278F2259007DD747;
			productRefGroup = 9D7D6811278F2259007DD747 /* Products */;
			projectDirPath = "";
			projectRoot = "";
			targets = (
				9D7D680F278F2259007DD747 /* iOSClock */,
			);
		};
/* End PBXProject section */

/* Begin PBXResourcesBuildPhase section */
		9D7D680E278F2259007DD747 /* Resources */ = {
			isa = PBXResourcesBuildPhase;
			buildActionMask = 2147483647;
			files = (
				9DD9E1C427A03E80009523DC /* Waves.mp3 in Resources */,
				9DD9E1C027A03E7D009523DC /* Marimba.mp3 in Resources */,
				9DD9E1C327A03E80009523DC /* Opening.mp3 in Resources */,
				9DD9E1C227A03E80009523DC /* XyloPhone.mp3 in Resources */,
				9D7D6820278F225B007DD747 /* LaunchScreen.storyboard in Resources */,
				9D7D681D278F225B007DD747 /* Assets.xcassets in Resources */,
				9D7D681B278F2259007DD747 /* Main.storyboard in Resources */,
				9DD9E1C127A03E80009523DC /* Radar.mp3 in Resources */,
			);
			runOnlyForDeploymentPostprocessing = 0;
		};
/* End PBXResourcesBuildPhase section */

/* Begin PBXSourcesBuildPhase section */
		9D7D680C278F2259007DD747 /* Sources */ = {
			isa = PBXSourcesBuildPhase;
			buildActionMask = 2147483647;
			files = (
				9D7D682F27906506007DD747 /* WorldClock.swift in Sources */,
				9D7D683627907539007DD747 /* CityTableViewCell.swift in Sources */,
				9D7D682B27906304007DD747 /* WorldClockTableViewCell.swift in Sources */,
				9DD9E1B3279EE2FB009523DC /* LabelViewController.swift in Sources */,
				9D31806E279710F100EDAAA1 /* AlarmTableViewCell.swift in Sources */,
				9DD9E1C827A046BB009523DC /* SoundTableViewCell.swift in Sources */,
				9D3180732797121F00EDAAA1 /* BedTimeTableViewCell.swift in Sources */,
				9D7D6814278F2259007DD747 /* AppDelegate.swift in Sources */,
				9D3180702797110600EDAAA1 /* AlarmViewController.swift in Sources */,
				9D3180792798E0EF00EDAAA1 /* EditAlarmTableViewController.swift in Sources */,
				9D31807B2799A30100EDAAA1 /* RepeatTableViewController.swift in Sources */,
				9DD9E1C627A046AD009523DC /* SoundTableViewController.swift in Sources */,
				9D31807D2799A32800EDAAA1 /* RepeatTableViewCell.swift in Sources */,
				9D7D6816278F2259007DD747 /* SceneDelegate.swift in Sources */,
				9D7D682D279063C0007DD747 /* WorldClockViewController.swift in Sources */,
				9D3180772798D9C000EDAAA1 /* EditAlarmTableViewCell.swift in Sources */,
				9D7D683427906E99007DD747 /* CityViewController.swift in Sources */,
				9D3180752798684D00EDAAA1 /* Alarm.swift in Sources */,
			);
			runOnlyForDeploymentPostprocessing = 0;
		};
/* End PBXSourcesBuildPhase section */

/* Begin PBXVariantGroup section */
		9D7D6819278F2259007DD747 /* Main.storyboard */ = {
			isa = PBXVariantGroup;
			children = (
				9D7D681A278F2259007DD747 /* Base */,
			);
			name = Main.storyboard;
			sourceTree = "<group>";
		};
		9D7D681E278F225B007DD747 /* LaunchScreen.storyboard */ = {
			isa = PBXVariantGroup;
			children = (
				9D7D681F278F225B007DD747 /* Base */,
			);
			name = LaunchScreen.storyboard;
			sourceTree = "<group>";
		};
/* End PBXVariantGroup section */

/* Begin XCBuildConfiguration section */
		9D7D6822278F225B007DD747 /* Debug */ = {
			isa = XCBuildConfiguration;
			buildSettings = {
				ALWAYS_SEARCH_USER_PATHS = NO;
				CLANG_ANALYZER_NONNULL = YES;
				CLANG_ANALYZER_NUMBER_OBJECT_CONVERSION = YES_AGGRESSIVE;
				CLANG_CXX_LANGUAGE_STANDARD = "gnu++17";
				CLANG_CXX_LIBRARY = "libc++";
				CLANG_ENABLE_MODULES = YES;
				CLANG_ENABLE_OBJC_ARC = YES;
				CLANG_ENABLE_OBJC_WEAK = YES;
				CLANG_WARN_BLOCK_CAPTURE_AUTORELEASING = YES;
				CLANG_WARN_BOOL_CONVERSION = YES;
				CLANG_WARN_COMMA = YES;
				CLANG_WARN_CONSTANT_CONVERSION = YES;
				CLANG_WARN_DEPRECATED_OBJC_IMPLEMENTATIONS = YES;
				CLANG_WARN_DIRECT_OBJC_ISA_USAGE = YES_ERROR;
				CLANG_WARN_DOCUMENTATION_COMMENTS = YES;
				CLANG_WARN_EMPTY_BODY = YES;
				CLANG_WARN_ENUM_CONVERSION = YES;
				CLANG_WARN_INFINITE_RECURSION = YES;
				CLANG_WARN_INT_CONVERSION = YES;
				CLANG_WARN_NON_LITERAL_NULL_CONVERSION = YES;
				CLANG_WARN_OBJC_IMPLICIT_RETAIN_SELF = YES;
				CLANG_WARN_OBJC_LITERAL_CONVERSION = YES;
				CLANG_WARN_OBJC_ROOT_CLASS = YES_ERROR;
				CLANG_WARN_QUOTED_INCLUDE_IN_FRAMEWORK_HEADER = YES;
				CLANG_WARN_RANGE_LOOP_ANALYSIS = YES;
				CLANG_WARN_STRICT_PROTOTYPES = YES;
				CLANG_WARN_SUSPICIOUS_MOVE = YES;
				CLANG_WARN_UNGUARDED_AVAILABILITY = YES_AGGRESSIVE;
				CLANG_WARN_UNREACHABLE_CODE = YES;
				CLANG_WARN__DUPLICATE_METHOD_MATCH = YES;
				COPY_PHASE_STRIP = NO;
				DEBUG_INFORMATION_FORMAT = dwarf;
				ENABLE_STRICT_OBJC_MSGSEND = YES;
				ENABLE_TESTABILITY = YES;
				GCC_C_LANGUAGE_STANDARD = gnu11;
				GCC_DYNAMIC_NO_PIC = NO;
				GCC_NO_COMMON_BLOCKS = YES;
				GCC_OPTIMIZATION_LEVEL = 0;
				GCC_PREPROCESSOR_DEFINITIONS = (
					"DEBUG=1",
					"$(inherited)",
				);
				GCC_WARN_64_TO_32_BIT_CONVERSION = YES;
				GCC_WARN_ABOUT_RETURN_TYPE = YES_ERROR;
				GCC_WARN_UNDECLARED_SELECTOR = YES;
				GCC_WARN_UNINITIALIZED_AUTOS = YES_AGGRESSIVE;
				GCC_WARN_UNUSED_FUNCTION = YES;
				GCC_WARN_UNUSED_VARIABLE = YES;
				IPHONEOS_DEPLOYMENT_TARGET = 15.2;
				MTL_ENABLE_DEBUG_INFO = INCLUDE_SOURCE;
				MTL_FAST_MATH = YES;
				ONLY_ACTIVE_ARCH = YES;
				SDKROOT = iphoneos;
				SWIFT_ACTIVE_COMPILATION_CONDITIONS = DEBUG;
				SWIFT_OPTIMIZATION_LEVEL = "-Onone";
			};
			name = Debug;
		};
		9D7D6823278F225B007DD747 /* Release */ = {
			isa = XCBuildConfiguration;
			buildSettings = {
				ALWAYS_SEARCH_USER_PATHS = NO;
				CLANG_ANALYZER_NONNULL = YES;
				CLANG_ANALYZER_NUMBER_OBJECT_CONVERSION = YES_AGGRESSIVE;
				CLANG_CXX_LANGUAGE_STANDARD = "gnu++17";
				CLANG_CXX_LIBRARY = "libc++";
				CLANG_ENABLE_MODULES = YES;
				CLANG_ENABLE_OBJC_ARC = YES;
				CLANG_ENABLE_OBJC_WEAK = YES;
				CLANG_WARN_BLOCK_CAPTURE_AUTORELEASING = YES;
				CLANG_WARN_BOOL_CONVERSION = YES;
				CLANG_WARN_COMMA = YES;
				CLANG_WARN_CONSTANT_CONVERSION = YES;
				CLANG_WARN_DEPRECATED_OBJC_IMPLEMENTATIONS = YES;
				CLANG_WARN_DIRECT_OBJC_ISA_USAGE = YES_ERROR;
				CLANG_WARN_DOCUMENTATION_COMMENTS = YES;
				CLANG_WARN_EMPTY_BODY = YES;
				CLANG_WARN_ENUM_CONVERSION = YES;
				CLANG_WARN_INFINITE_RECURSION = YES;
				CLANG_WARN_INT_CONVERSION = YES;
				CLANG_WARN_NON_LITERAL_NULL_CONVERSION = YES;
				CLANG_WARN_OBJC_IMPLICIT_RETAIN_SELF = YES;
				CLANG_WARN_OBJC_LITERAL_CONVERSION = YES;
				CLANG_WARN_OBJC_ROOT_CLASS = YES_ERROR;
				CLANG_WARN_QUOTED_INCLUDE_IN_FRAMEWORK_HEADER = YES;
				CLANG_WARN_RANGE_LOOP_ANALYSIS = YES;
				CLANG_WARN_STRICT_PROTOTYPES = YES;
				CLANG_WARN_SUSPICIOUS_MOVE = YES;
				CLANG_WARN_UNGUARDED_AVAILABILITY = YES_AGGRESSIVE;
				CLANG_WARN_UNREACHABLE_CODE = YES;
				CLANG_WARN__DUPLICATE_METHOD_MATCH = YES;
				COPY_PHASE_STRIP = NO;
				DEBUG_INFORMATION_FORMAT = "dwarf-with-dsym";
				ENABLE_NS_ASSERTIONS = NO;
				ENABLE_STRICT_OBJC_MSGSEND = YES;
				GCC_C_LANGUAGE_STANDARD = gnu11;
				GCC_NO_COMMON_BLOCKS = YES;
				GCC_WARN_64_TO_32_BIT_CONVERSION = YES;
				GCC_WARN_ABOUT_RETURN_TYPE = YES_ERROR;
				GCC_WARN_UNDECLARED_SELECTOR = YES;
				GCC_WARN_UNINITIALIZED_AUTOS = YES_AGGRESSIVE;
				GCC_WARN_UNUSED_FUNCTION = YES;
				GCC_WARN_UNUSED_VARIABLE = YES;
				IPHONEOS_DEPLOYMENT_TARGET = 15.2;
				MTL_ENABLE_DEBUG_INFO = NO;
				MTL_FAST_MATH = YES;
				SDKROOT = iphoneos;
				SWIFT_COMPILATION_MODE = wholemodule;
				SWIFT_OPTIMIZATION_LEVEL = "-O";
				VALIDATE_PRODUCT = YES;
			};
			name = Release;
		};
		9D7D6825278F225B007DD747 /* Debug */ = {
			isa = XCBuildConfiguration;
			buildSettings = {
				ASSETCATALOG_COMPILER_APPICON_NAME = AppIcon;
				ASSETCATALOG_COMPILER_GLOBAL_ACCENT_COLOR_NAME = AccentColor;
				CODE_SIGN_STYLE = Automatic;
				CURRENT_PROJECT_VERSION = 1;
				DEVELOPMENT_TEAM = 2H2SS3HKUX;
				GENERATE_INFOPLIST_FILE = YES;
				INFOPLIST_FILE = iOSClock/Info.plist;
				INFOPLIST_KEY_UIApplicationSupportsIndirectInputEvents = YES;
				INFOPLIST_KEY_UILaunchStoryboardName = LaunchScreen;
				INFOPLIST_KEY_UIMainStoryboardFile = Main;
				INFOPLIST_KEY_UISupportedInterfaceOrientations_iPad = "UIInterfaceOrientationPortrait UIInterfaceOrientationPortraitUpsideDown UIInterfaceOrientationLandscapeLeft UIInterfaceOrientationLandscapeRight";
				INFOPLIST_KEY_UISupportedInterfaceOrientations_iPhone = "UIInterfaceOrientationPortrait UIInterfaceOrientationLandscapeLeft UIInterfaceOrientationLandscapeRight";
				LD_RUNPATH_SEARCH_PATHS = (
					"$(inherited)",
					"@executable_path/Frameworks",
				);
				MARKETING_VERSION = 1.0;
				PRODUCT_BUNDLE_IDENTIFIER = design.kylelei.iOSClock;
				PRODUCT_NAME = "$(TARGET_NAME)";
				SWIFT_EMIT_LOC_STRINGS = YES;
				SWIFT_VERSION = 5.0;
				TARGETED_DEVICE_FAMILY = "1,2";
			};
			name = Debug;
		};
		9D7D6826278F225B007DD747 /* Release */ = {
			isa = XCBuildConfiguration;
			buildSettings = {
				ASSETCATALOG_COMPILER_APPICON_NAME = AppIcon;
				ASSETCATALOG_COMPILER_GLOBAL_ACCENT_COLOR_NAME = AccentColor;
				CODE_SIGN_STYLE = Automatic;
				CURRENT_PROJECT_VERSION = 1;
				DEVELOPMENT_TEAM = 2H2SS3HKUX;
				GENERATE_INFOPLIST_FILE = YES;
				INFOPLIST_FILE = iOSClock/Info.plist;
				INFOPLIST_KEY_UIApplicationSupportsIndirectInputEvents = YES;
				INFOPLIST_KEY_UILaunchStoryboardName = LaunchScreen;
				INFOPLIST_KEY_UIMainStoryboardFile = Main;
				INFOPLIST_KEY_UISupportedInterfaceOrientations_iPad = "UIInterfaceOrientationPortrait UIInterfaceOrientationPortraitUpsideDown UIInterfaceOrientationLandscapeLeft UIInterfaceOrientationLandscapeRight";
				INFOPLIST_KEY_UISupportedInterfaceOrientations_iPhone = "UIInterfaceOrientationPortrait UIInterfaceOrientationLandscapeLeft UIInterfaceOrientationLandscapeRight";
				LD_RUNPATH_SEARCH_PATHS = (
					"$(inherited)",
					"@executable_path/Frameworks",
				);
				MARKETING_VERSION = 1.0;
				PRODUCT_BUNDLE_IDENTIFIER = design.kylelei.iOSClock;
				PRODUCT_NAME = "$(TARGET_NAME)";
				SWIFT_EMIT_LOC_STRINGS = YES;
				SWIFT_VERSION = 5.0;
				TARGETED_DEVICE_FAMILY = "1,2";
			};
			name = Release;
		};
/* End XCBuildConfiguration section */

/* Begin XCConfigurationList section */
		9D7D680B278F2259007DD747 /* Build configuration list for PBXProject "iOSClock" */ = {
			isa = XCConfigurationList;
			buildConfigurations = (
				9D7D6822278F225B007DD747 /* Debug */,
				9D7D6823278F225B007DD747 /* Release */,
			);
			defaultConfigurationIsVisible = 0;
			defaultConfigurationName = Release;
		};
		9D7D6824278F225B007DD747 /* Build configuration list for PBXNativeTarget "iOSClock" */ = {
			isa = XCConfigurationList;
			buildConfigurations = (
				9D7D6825278F225B007DD747 /* Debug */,
				9D7D6826278F225B007DD747 /* Release */,
			);
			defaultConfigurationIsVisible = 0;
			defaultConfigurationName = Release;
		};
/* End XCConfigurationList section */
	};
	rootObject = 9D7D6808278F2259007DD747 /* Project object */;
}
